{
  "name": "ri4testesgerson",
  "version": "1.0.0",
  "lockfileVersion": 3,
  "requires": true,
  "packages": {
    "": {
      "name": "ri4testesgerson",
      "version": "1.0.0",
      "license": "ISC",
      "dependencies": {
        "ri4gerson": "file:../RI4gerson.js"
      }
    },
    "../RI4gerson.js": {
      "name": "ri4gerson",
      "version": "1.0.0",
      "license": "ISC"
    },
    "node_modules/ri4gerson": {
      "resolved": "../RI4gerson.js",
      "link": true
    }
  }
}
